<?xml version="1.0" encoding="utf-8"?>
<Project ToolsVersion="4.0" xmlns="http://schemas.microsoft.com/developer/msbuild/2003">
  <ItemGroup>
    <Filter Include="Source Files">
      <UniqueIdentifier>{4FC737F1-C7A5-4376-A066-2A32D752A2FF}</UniqueIdentifier>
      <Extensions>cpp;c;cc;cxx;c++;cppm;ixx;def;odl;idl;hpj;bat;asm;asmx</Extensions>
    </Filter>
    <Filter Include="Header Files">
      <UniqueIdentifier>{93995380-89BD-4b04-88EB-625FBE52EBFB}</UniqueIdentifier>
      <Extensions>h;hh;hpp;hxx;h++;hm;inl;inc;ipp;xsd</Extensions>
    </Filter>
    <Filter Include="Resource Files">
      <UniqueIdentifier>{67DA6AB6-F800-4c08-8B7A-83BB121AAD01}</UniqueIdentifier>
      <Extensions>rc;ico;cur;bmp;dlg;rc2;rct;bin;rgs;gif;jpg;jpeg;jpe;resx;tiff;tif;png;wav;mfcribbon-ms</Extensions>
    </Filter>
    <Filter Include="Header Files\auth">
      <UniqueIdentifier>{de1a561c-edb6-4e62-a44a-ca45ef812d97}</UniqueIdentifier>
    </Filter>
    <Filter Include="Header Files\Protection">
      <UniqueIdentifier>{587eab74-13d3-4764-9f32-49b7924744df}</UniqueIdentifier>
    </Filter>
  </ItemGroup>
  <ItemGroup>
    <ClCompile Include="main.cpp">
      <Filter>Source Files</Filter>
    </ClCompile>
    <ClCompile Include="debug utils\APIs.cpp">
      <Filter>Source Files</Filter>
    </ClCompile>
    <ClCompile Include="debug utils\ApiTypeDefs.cpp">
      <Filter>Source Files</Filter>
    </ClCompile>
    <ClCompile Include="debug utils\crc32.cpp">
      <Filter>Source Files</Filter>
    </ClCompile>
    <ClCompile Include="debug utils\DebugUtils.cpp">
      <Filter>Source Files</Filter>
    </ClCompile>
    <ClCompile Include="debug utils\export_work.cpp">
      <Filter>Source Files</Filter>
    </ClCompile>
    <ClCompile Include="debug utils\gh_syscall.cpp">
      <Filter>Source Files</Filter>
    </ClCompile>
    <ClCompile Include="debug utils\hash_work.cpp">
      <Filter>Source Files</Filter>
    </ClCompile>
    <ClCompile Include="debug utils\ldasm.cpp">
      <Filter>Source Files</Filter>
    </ClCompile>
    <ClCompile Include="debug utils\MurmurHash2A.cpp">
      <Filter>Source Files</Filter>
    </ClCompile>
    <ClCompile Include="debug utils\ScyllaHideDetector.cpp">
      <Filter>Source Files</Filter>
    </ClCompile>
    <ClCompile Include="encrypt-decrypt\encrypt-decrypt.cpp">
      <Filter>Source Files</Filter>
    </ClCompile>
    <ClCompile Include="syscalls\apiset.cpp">
      <Filter>Source Files</Filter>
    </ClCompile>
    <ClCompile Include="syscalls\debugsecurity.cpp">
      <Filter>Source Files</Filter>
    </ClCompile>
    <ClCompile Include="syscalls\syscalls.cpp">
      <Filter>Source Files</Filter>
    </ClCompile>
    <ClCompile Include="syscalls\util.cpp">
      <Filter>Source Files</Filter>
    </ClCompile>
    <ClCompile Include="utilities\security.cpp">
      <Filter>Source Files</Filter>
    </ClCompile>
    <ClCompile Include="utilities\utilities.cpp">
      <Filter>Source Files</Filter>
    </ClCompile>
  </ItemGroup>
  <ItemGroup>
    <ClInclude Include="auth.hpp">
      <Filter>Header Files\auth</Filter>
    </ClInclude>
    <ClInclude Include="skStr.h">
      <Filter>Header Files\Protection</Filter>
    </ClInclude>
    <ClInclude Include="debug utils\APIs.h">
      <Filter>Header Files</Filter>
    </ClInclude>
    <ClInclude Include="debug utils\ApiTypeDefs.h">
      <Filter>Header Files</Filter>
    </ClInclude>
    <ClInclude Include="debug utils\CMemPtr.h">
      <Filter>Header Files</Filter>
    </ClInclude>
    <ClInclude Include="debug utils\crc32.h">
      <Filter>Header Files</Filter>
    </ClInclude>
    <ClInclude Include="debug utils\DebugUtils.h">
      <Filter>Header Files</Filter>
    </ClInclude>
    <ClInclude Include="debug utils\export_work.h">
      <Filter>Header Files</Filter>
    </ClInclude>
    <ClInclude Include="debug utils\gh_syscall.h">
      <Filter>Header Files</Filter>
    </ClInclude>
    <ClInclude Include="debug utils\Hash.h">
      <Filter>Header Files</Filter>
    </ClInclude>
    <ClInclude Include="debug utils\hash_work.h">
      <Filter>Header Files</Filter>
    </ClInclude>
    <ClInclude Include="debug utils\Helpers.h">
      <Filter>Header Files</Filter>
    </ClInclude>
    <ClInclude Include="debug utils\Helpers2.h">
      <Filter>Header Files</Filter>
    </ClInclude>
    <ClInclude Include="debug utils\internal.h">
      <Filter>Header Files</Filter>
    </ClInclude>
    <ClInclude Include="debug utils\ldasm.h">
      <Filter>Header Files</Filter>
    </ClInclude>
    <ClInclude Include="debug utils\MurmurHash2A.h">
      <Filter>Header Files</Filter>
    </ClInclude>
    <ClInclude Include="debug utils\Native.h">
      <Filter>Header Files</Filter>
    </ClInclude>
    <ClInclude Include="debug utils\nt_defs.h">
      <Filter>Header Files</Filter>
    </ClInclude>
    <ClInclude Include="debug utils\pch.h">
      <Filter>Header Files</Filter>
    </ClInclude>
    <ClInclude Include="debug utils\PointerHashFunc.h">
      <Filter>Header Files</Filter>
    </ClInclude>
    <ClInclude Include="debug utils\ScyllaHideDetector.h">
      <Filter>Header Files</Filter>
    </ClInclude>
    <ClInclude Include="debug utils\syscall_defs.h">
      <Filter>Header Files</Filter>
    </ClInclude>
    <ClInclude Include="debug utils\VersionHelpers.h">
      <Filter>Header Files</Filter>
    </ClInclude>
    <ClInclude Include="debug utils\winapifamily.h">
      <Filter>Header Files</Filter>
    </ClInclude>
    <ClInclude Include="debug utils\WinStructs.h">
      <Filter>Header Files</Filter>
    </ClInclude>
    <ClInclude Include="debug utils\XorStr.h">
      <Filter>Header Files</Filter>
    </ClInclude>
    <ClInclude Include="encrypt-decrypt\encrypt-decrypt.hpp">
      <Filter>Header Files</Filter>
    </ClInclude>
    <ClInclude Include="encrypt-decrypt\md5.hpp">
      <Filter>Header Files</Filter>
    </ClInclude>
    <ClInclude Include="syscalls\apiset.h">
      <Filter>Header Files</Filter>
    </ClInclude>
    <ClInclude Include="syscalls\debugsecurity.h">
      <Filter>Header Files</Filter>
    </ClInclude>
    <ClInclude Include="syscalls\includes.h">
      <Filter>Header Files</Filter>
    </ClInclude>
    <ClInclude Include="syscalls\native.h">
      <Filter>Header Files</Filter>
    </ClInclude>
    <ClInclude Include="syscalls\pe.h">
      <Filter>Header Files</Filter>
    </ClInclude>
    <ClInclude Include="syscalls\syscalls.h">
      <Filter>Header Files</Filter>
    </ClInclude>
    <ClInclude Include="syscalls\util.h">
      <Filter>Header Files</Filter>
    </ClInclude>
    <ClInclude Include="utilities\anti-hook.h">
      <Filter>Header Files</Filter>
    </ClInclude>
    <ClInclude Include="utilities\lazy_importer.hpp">
      <Filter>Header Files</Filter>
    </ClInclude>
    <ClInclude Include="utilities\security.h">
      <Filter>Header Files</Filter>
    </ClInclude>
    <ClInclude Include="utilities\utilities.hpp">
      <Filter>Header Files</Filter>
    </ClInclude>
    <ClInclude Include="utilities\xorstr.hpp">
      <Filter>Header Files</Filter>
    </ClInclude>
    <ClInclude Include="init.h">
      <Filter>Header Files</Filter>
    </ClInclude>
    <ClInclude Include="..\..\..\..\Program Files (x86)\Steam\Instancy\DxDLLRender\NewGui.h">
      <Filter>Header Files</Filter>
    </ClInclude>
    <ClInclude Include="resource.h">
      <Filter>Header Files</Filter>
    </ClInclude>
    <ClInclude Include="strigs\FileDownload.h">
      <Filter>Header Files</Filter>
    </ClInclude>
  </ItemGroup>
  <ItemGroup>
    <Library Include="library_x64.lib">
      <Filter>Header Files\auth</Filter>
    </Library>
    <Library Include="libcurl.lib" />
  </ItemGroup>
  <ItemGroup>
    <Image Include="icon1.ico">
      <Filter>Resource Files</Filter>
    </Image>
    <Image Include="..\main\mirage.rip - Copy\AvantiuraV3\shrek.wat.ico">
      <Filter>Resource Files</Filter>
    </Image>
    <Image Include="..\..\Downloads\17fafe5f6ce2f1904eb09d2e80a4cbf6.ico">
      <Filter>Resource Files</Filter>
    </Image>
  </ItemGroup>
  <ItemGroup>
    <ResourceCompile Include="InstancyLoader.rc">
      <Filter>Resource Files</Filter>
    </ResourceCompile>
  </ItemGroup>
</Project>